
Microsoft Visual Studio Solution File, Format Version 12.00
# Visual Studio 15
Project("{FAE04EC0-301F-11D3-BF4B-00C04F79EFBC}") = "Class-2.1", "Class-2.1\Class-2.1.csproj", "{3A5F063C-D23E-4F79-856D-D8225DFE2F0E}"
EndProject
Project("{FAE04EC0-301F-11D3-BF4B-00C04F79EFBC}") = "Class-2.2", "Class-2.2\Class-2.2.csproj", "{A3D6B73C-B11D-41F8-92F5-A2988BD60E03}"
EndProject
Project("{FAE04EC0-301F-11D3-BF4B-00C04F79EFBC}") = "Class-2.3", "Class-2.3\Class-2.3.csproj", "{4418CA46-0100-470C-9F2A-D39492BD0467}"
EndProject
Project("{FAE04EC0-301F-11D3-BF4B-00C04F79EFBC}") = "Class-2.4", "Class-2.4\Class-2.4.csproj", "{8A7D4D2E-1862-4279-BC11-CA70C2BE179F}"
EndProject
Project("{FAE04EC0-301F-11D3-BF4B-00C04F79EFBC}") = "Class-2.5", "Class-2.5\Class-2.5.csproj", "{1E793589-674B-4FCD-A6A0-F6E0B05C5568}"
EndProject
Project("{FAE04EC0-301F-11D3-BF4B-00C04F79EFBC}") = "Class-2.6", "Class-2.6\Class-2.6.csproj", "{62A342B7-AF7C-4436-A792-9CCA090D569C}"
EndProject
Project("{FAE04EC0-301F-11D3-BF4B-00C04F79EFBC}") = "Class-2.6-Tests", "Class-2.6-Tests\Class-2.6-Tests.csproj", "{637B7FE1-A6E6-4A93-9E69-F125649CF1DA}"
EndProject
Project("{FAE04EC0-301F-11D3-BF4B-00C04F79EFBC}") = "Class-2.7", "Class-2.7\Class-2.7.csproj", "{7D2F9A9B-EF59-41D8-9125-C819B08A83CF}"
EndProject
Project("{FAE04EC0-301F-11D3-BF4B-00C04F79EFBC}") = "Class-2.8", "Class-2.8\Class-2.8.csproj", "{11EC4C17-4B91-426D-8B53-56F1D6B21EE2}"
EndProject
Project("{FAE04EC0-301F-11D3-BF4B-00C04F79EFBC}") = "class-2.10", "class-2.10\class-2.10.csproj", "{EAF7A974-0546-4875-8A55-08C67DF27AC3}"
EndProject
Project("{FAE04EC0-301F-11D3-BF4B-00C04F79EFBC}") = "class-2.11", "class-2.11\class-2.11.csproj", "{D8C80629-49B3-4645-9B5E-B51E842EFBFF}"
EndProject
Project("{FAE04EC0-301F-11D3-BF4B-00C04F79EFBC}") = "Class-2.12", "Class-2.12\Class-2.12.csproj", "{81B014B1-6F92-4277-BE71-17A0271F4B03}"
EndProject
Project("{FAE04EC0-301F-11D3-BF4B-00C04F79EFBC}") = "Class-2.13", "Class-2.13\Class-2.13.csproj", "{2FC87BCC-1421-4B32-A57E-FC22D40D273F}"
EndProject
Project("{FAE04EC0-301F-11D3-BF4B-00C04F79EFBC}") = "CodingEvents", "CodingEvents\CodingEvents.csproj", "{8A912E84-4B84-43AC-83B8-99D6384FE60B}"
EndProject
Project("{FAE04EC0-301F-11D3-BF4B-00C04F79EFBC}") = "Class-2.14", "Class-2.14\Class-2.14.csproj", "{B6A15808-BB7B-402D-A167-F8363C041D77}"
EndProject
Project("{FAE04EC0-301F-11D3-BF4B-00C04F79EFBC}") = "Class-2.15", "Class-2.15\Class-2.15.csproj", "{BA8182CA-3A0D-4901-93AC-0A63196010BF}"
EndProject
Project("{FAE04EC0-301F-11D3-BF4B-00C04F79EFBC}") = "Class-2.16", "Class-2.16\Class-2.16.csproj", "{995126A0-74E8-41E0-93F7-0C4F3695A56B}"
EndProject
Project("{FAE04EC0-301F-11D3-BF4B-00C04F79EFBC}") = "Class-2.17", "Class-2.17\Class-2.17.csproj", "{1B9AC20A-F7DC-48B7-BC1C-5A06DF4F9055}"
EndProject
Project("{FAE04EC0-301F-11D3-BF4B-00C04F79EFBC}") = "Class-2.18", "Class-2.18\Class-2.18.csproj", "{CBE63C96-A1FF-4B11-80B0-A0E55BAC4270}"
EndProject
Project("{FAE04EC0-301F-11D3-BF4B-00C04F79EFBC}") = "Class-2.19", "Class-2.19\Class-2.19.csproj", "{92978475-CDE3-4EA4-ACE1-09E186A1B9A8}"
EndProject
Global
	GlobalSection(SolutionConfigurationPlatforms) = preSolution
		Debug|Any CPU = Debug|Any CPU
		Release|Any CPU = Release|Any CPU
	EndGlobalSection
	GlobalSection(ProjectConfigurationPlatforms) = postSolution
		{3A5F063C-D23E-4F79-856D-D8225DFE2F0E}.Debug|Any CPU.ActiveCfg = Debug|Any CPU
		{3A5F063C-D23E-4F79-856D-D8225DFE2F0E}.Debug|Any CPU.Build.0 = Debug|Any CPU
		{3A5F063C-D23E-4F79-856D-D8225DFE2F0E}.Release|Any CPU.ActiveCfg = Release|Any CPU
		{3A5F063C-D23E-4F79-856D-D8225DFE2F0E}.Release|Any CPU.Build.0 = Release|Any CPU
		{A3D6B73C-B11D-41F8-92F5-A2988BD60E03}.Debug|Any CPU.ActiveCfg = Debug|Any CPU
		{A3D6B73C-B11D-41F8-92F5-A2988BD60E03}.Debug|Any CPU.Build.0 = Debug|Any CPU
		{A3D6B73C-B11D-41F8-92F5-A2988BD60E03}.Release|Any CPU.ActiveCfg = Release|Any CPU
		{A3D6B73C-B11D-41F8-92F5-A2988BD60E03}.Release|Any CPU.Build.0 = Release|Any CPU
		{4418CA46-0100-470C-9F2A-D39492BD0467}.Debug|Any CPU.ActiveCfg = Debug|Any CPU
		{4418CA46-0100-470C-9F2A-D39492BD0467}.Debug|Any CPU.Build.0 = Debug|Any CPU
		{4418CA46-0100-470C-9F2A-D39492BD0467}.Release|Any CPU.ActiveCfg = Release|Any CPU
		{4418CA46-0100-470C-9F2A-D39492BD0467}.Release|Any CPU.Build.0 = Release|Any CPU
		{8A7D4D2E-1862-4279-BC11-CA70C2BE179F}.Debug|Any CPU.ActiveCfg = Debug|Any CPU
		{8A7D4D2E-1862-4279-BC11-CA70C2BE179F}.Debug|Any CPU.Build.0 = Debug|Any CPU
		{8A7D4D2E-1862-4279-BC11-CA70C2BE179F}.Release|Any CPU.ActiveCfg = Release|Any CPU
		{8A7D4D2E-1862-4279-BC11-CA70C2BE179F}.Release|Any CPU.Build.0 = Release|Any CPU
		{1E793589-674B-4FCD-A6A0-F6E0B05C5568}.Debug|Any CPU.ActiveCfg = Debug|Any CPU
		{1E793589-674B-4FCD-A6A0-F6E0B05C5568}.Debug|Any CPU.Build.0 = Debug|Any CPU
		{1E793589-674B-4FCD-A6A0-F6E0B05C5568}.Release|Any CPU.ActiveCfg = Release|Any CPU
		{1E793589-674B-4FCD-A6A0-F6E0B05C5568}.Release|Any CPU.Build.0 = Release|Any CPU
		{62A342B7-AF7C-4436-A792-9CCA090D569C}.Debug|Any CPU.ActiveCfg = Debug|Any CPU
		{62A342B7-AF7C-4436-A792-9CCA090D569C}.Debug|Any CPU.Build.0 = Debug|Any CPU
		{62A342B7-AF7C-4436-A792-9CCA090D569C}.Release|Any CPU.ActiveCfg = Release|Any CPU
		{62A342B7-AF7C-4436-A792-9CCA090D569C}.Release|Any CPU.Build.0 = Release|Any CPU
		{637B7FE1-A6E6-4A93-9E69-F125649CF1DA}.Debug|Any CPU.ActiveCfg = Debug|Any CPU
		{637B7FE1-A6E6-4A93-9E69-F125649CF1DA}.Debug|Any CPU.Build.0 = Debug|Any CPU
		{637B7FE1-A6E6-4A93-9E69-F125649CF1DA}.Release|Any CPU.ActiveCfg = Release|Any CPU
		{637B7FE1-A6E6-4A93-9E69-F125649CF1DA}.Release|Any CPU.Build.0 = Release|Any CPU
		{7D2F9A9B-EF59-41D8-9125-C819B08A83CF}.Debug|Any CPU.ActiveCfg = Debug|Any CPU
		{7D2F9A9B-EF59-41D8-9125-C819B08A83CF}.Debug|Any CPU.Build.0 = Debug|Any CPU
		{7D2F9A9B-EF59-41D8-9125-C819B08A83CF}.Release|Any CPU.ActiveCfg = Release|Any CPU
		{7D2F9A9B-EF59-41D8-9125-C819B08A83CF}.Release|Any CPU.Build.0 = Release|Any CPU
		{11EC4C17-4B91-426D-8B53-56F1D6B21EE2}.Debug|Any CPU.ActiveCfg = Debug|Any CPU
		{11EC4C17-4B91-426D-8B53-56F1D6B21EE2}.Debug|Any CPU.Build.0 = Debug|Any CPU
		{11EC4C17-4B91-426D-8B53-56F1D6B21EE2}.Release|Any CPU.ActiveCfg = Release|Any CPU
		{11EC4C17-4B91-426D-8B53-56F1D6B21EE2}.Release|Any CPU.Build.0 = Release|Any CPU
		{EAF7A974-0546-4875-8A55-08C67DF27AC3}.Debug|Any CPU.ActiveCfg = Debug|Any CPU
		{EAF7A974-0546-4875-8A55-08C67DF27AC3}.Debug|Any CPU.Build.0 = Debug|Any CPU
		{EAF7A974-0546-4875-8A55-08C67DF27AC3}.Release|Any CPU.ActiveCfg = Release|Any CPU
		{EAF7A974-0546-4875-8A55-08C67DF27AC3}.Release|Any CPU.Build.0 = Release|Any CPU
		{D8C80629-49B3-4645-9B5E-B51E842EFBFF}.Debug|Any CPU.ActiveCfg = Debug|Any CPU
		{D8C80629-49B3-4645-9B5E-B51E842EFBFF}.Debug|Any CPU.Build.0 = Debug|Any CPU
		{D8C80629-49B3-4645-9B5E-B51E842EFBFF}.Release|Any CPU.ActiveCfg = Release|Any CPU
		{D8C80629-49B3-4645-9B5E-B51E842EFBFF}.Release|Any CPU.Build.0 = Release|Any CPU
		{81B014B1-6F92-4277-BE71-17A0271F4B03}.Debug|Any CPU.ActiveCfg = Debug|Any CPU
		{81B014B1-6F92-4277-BE71-17A0271F4B03}.Debug|Any CPU.Build.0 = Debug|Any CPU
		{81B014B1-6F92-4277-BE71-17A0271F4B03}.Release|Any CPU.ActiveCfg = Release|Any CPU
		{81B014B1-6F92-4277-BE71-17A0271F4B03}.Release|Any CPU.Build.0 = Release|Any CPU
		{2FC87BCC-1421-4B32-A57E-FC22D40D273F}.Debug|Any CPU.ActiveCfg = Debug|Any CPU
		{2FC87BCC-1421-4B32-A57E-FC22D40D273F}.Debug|Any CPU.Build.0 = Debug|Any CPU
		{2FC87BCC-1421-4B32-A57E-FC22D40D273F}.Release|Any CPU.ActiveCfg = Release|Any CPU
		{2FC87BCC-1421-4B32-A57E-FC22D40D273F}.Release|Any CPU.Build.0 = Release|Any CPU
		{8A912E84-4B84-43AC-83B8-99D6384FE60B}.Debug|Any CPU.ActiveCfg = Debug|Any CPU
		{8A912E84-4B84-43AC-83B8-99D6384FE60B}.Debug|Any CPU.Build.0 = Debug|Any CPU
		{8A912E84-4B84-43AC-83B8-99D6384FE60B}.Release|Any CPU.ActiveCfg = Release|Any CPU
		{8A912E84-4B84-43AC-83B8-99D6384FE60B}.Release|Any CPU.Build.0 = Release|Any CPU
		{B6A15808-BB7B-402D-A167-F8363C041D77}.Debug|Any CPU.ActiveCfg = Debug|Any CPU
		{B6A15808-BB7B-402D-A167-F8363C041D77}.Debug|Any CPU.Build.0 = Debug|Any CPU
		{B6A15808-BB7B-402D-A167-F8363C041D77}.Release|Any CPU.ActiveCfg = Release|Any CPU
		{B6A15808-BB7B-402D-A167-F8363C041D77}.Release|Any CPU.Build.0 = Release|Any CPU
		{BA8182CA-3A0D-4901-93AC-0A63196010BF}.Debug|Any CPU.ActiveCfg = Debug|Any CPU
		{BA8182CA-3A0D-4901-93AC-0A63196010BF}.Debug|Any CPU.Build.0 = Debug|Any CPU
		{BA8182CA-3A0D-4901-93AC-0A63196010BF}.Release|Any CPU.ActiveCfg = Release|Any CPU
		{BA8182CA-3A0D-4901-93AC-0A63196010BF}.Release|Any CPU.Build.0 = Release|Any CPU
		{995126A0-74E8-41E0-93F7-0C4F3695A56B}.Debug|Any CPU.ActiveCfg = Debug|Any CPU
		{995126A0-74E8-41E0-93F7-0C4F3695A56B}.Debug|Any CPU.Build.0 = Debug|Any CPU
		{995126A0-74E8-41E0-93F7-0C4F3695A56B}.Release|Any CPU.ActiveCfg = Release|Any CPU
		{995126A0-74E8-41E0-93F7-0C4F3695A56B}.Release|Any CPU.Build.0 = Release|Any CPU
		{1B9AC20A-F7DC-48B7-BC1C-5A06DF4F9055}.Debug|Any CPU.ActiveCfg = Debug|Any CPU
		{1B9AC20A-F7DC-48B7-BC1C-5A06DF4F9055}.Debug|Any CPU.Build.0 = Debug|Any CPU
		{1B9AC20A-F7DC-48B7-BC1C-5A06DF4F9055}.Release|Any CPU.ActiveCfg = Release|Any CPU
		{1B9AC20A-F7DC-48B7-BC1C-5A06DF4F9055}.Release|Any CPU.Build.0 = Release|Any CPU
		{CBE63C96-A1FF-4B11-80B0-A0E55BAC4270}.Debug|Any CPU.ActiveCfg = Debug|Any CPU
		{CBE63C96-A1FF-4B11-80B0-A0E55BAC4270}.Debug|Any CPU.Build.0 = Debug|Any CPU
		{CBE63C96-A1FF-4B11-80B0-A0E55BAC4270}.Release|Any CPU.ActiveCfg = Release|Any CPU
		{CBE63C96-A1FF-4B11-80B0-A0E55BAC4270}.Release|Any CPU.Build.0 = Release|Any CPU
		{92978475-CDE3-4EA4-ACE1-09E186A1B9A8}.Debug|Any CPU.ActiveCfg = Debug|Any CPU
		{92978475-CDE3-4EA4-ACE1-09E186A1B9A8}.Debug|Any CPU.Build.0 = Debug|Any CPU
		{92978475-CDE3-4EA4-ACE1-09E186A1B9A8}.Release|Any CPU.ActiveCfg = Release|Any CPU
		{92978475-CDE3-4EA4-ACE1-09E186A1B9A8}.Release|Any CPU.Build.0 = Release|Any CPU
	EndGlobalSection
EndGlobal
